
Microsoft Visual Studio Solution File, Format Version 12.00
# Visual Studio 15
VisualStudioVersion = 15.0.28307.779
MinimumVisualStudioVersion = 10.0.40219.1
Project("{8BC9CEB8-8B4A-11D0-8D11-00A0C91BC942}") = "FileSystem", "FileSystem\FileSystem.vcxproj", "{3A20D6BC-86A0-4CBE-81A5-820D161CCD09}"
EndProject
Global
	GlobalSection(SolutionConfigurationPlatforms) = preSolution
		Debug|x64 = Debug|x64
		Debug|x86 = Debug|x86
		Release|x64 = Release|x64
		Release|x86 = Release|x86
	EndGlobalSection
	GlobalSection(ProjectConfigurationPlatforms) = postSolution
		{3A20D6BC-86A0-4CBE-81A5-820D161CCD09}.Debug|x64.ActiveCfg = Debug|x64
		{3A20D6BC-86A0-4CBE-81A5-820D161CCD09}.Debug|x64.Build.0 = Debug|x64
		{3A20D6BC-86A0-4CBE-81A5-820D161CCD09}.Debug|x86.ActiveCfg = Debug|Win32
		{3A20D6BC-86A0-4CBE-81A5-820D161CCD09}.Debug|x86.Build.0 = Debug|Win32
		{3A20D6BC-86A0-4CBE-81A5-820D161CCD09}.Release|x64.ActiveCfg = Release|x64
		{3A20D6BC-86A0-4CBE-81A5-820D161CCD09}.Release|x64.Build.0 = Release|x64
		{3A20D6BC-86A0-4CBE-81A5-820D161CCD09}.Release|x86.ActiveCfg = Release|Win32
		{3A20D6BC-86A0-4CBE-81A5-820D161CCD09}.Release|x86.Build.0 = Release|Win32
	EndGlobalSection
	GlobalSection(SolutionProperties) = preSolution
		HideSolutionNode = FALSE
	EndGlobalSection
	GlobalSection(ExtensibilityGlobals) = postSolution
		SolutionGuid = {843EEBFE-0CB3-44F1-AB76-E1AE04A516BE}
	EndGlobalSection
EndGlobal
